<?xml version="1.0" encoding="utf-8"?>
<Project ToolsVersion="17.0" xmlns="http://schemas.microsoft.com/developer/msbuild/2003">
  <ItemGroup>
    <ClCompile Include="C:\Users\Перлин Сергей\Documents\CPP\YADRO\src\main.cpp">
      <Filter>Source Files</Filter>
    </ClCompile>
    <ClCompile Include="C:\Users\Перлин Сергей\Documents\CPP\YADRO\src\event.cpp">
      <Filter>Source Files</Filter>
    </ClCompile>
    <ClCompile Include="C:\Users\Перлин Сергей\Documents\CPP\YADRO\src\computer_club.cpp">
      <Filter>Source Files</Filter>
    </ClCompile>
  </ItemGroup>
  <ItemGroup>
    <ClInclude Include="C:\Users\Перлин Сергей\Documents\CPP\YADRO\src\computer_club.h">
      <Filter>Header Files</Filter>
    </ClInclude>
    <ClInclude Include="C:\Users\Перлин Сергей\Documents\CPP\YADRO\src\event.h">
      <Filter>Header Files</Filter>
    </ClInclude>
  </ItemGroup>
  <ItemGroup>
    <CustomBuild Include="C:\Users\Перлин Сергей\Documents\CPP\YADRO\CMakeLists.txt" />
  </ItemGroup>
  <ItemGroup>
    <Filter Include="Header Files">
      <UniqueIdentifier>{ACE333B4-0B0B-3B42-91B6-0ED2A94A2672}</UniqueIdentifier>
    </Filter>
    <Filter Include="Source Files">
      <UniqueIdentifier>{B87410D8-0F4A-3879-B7BA-8869FD895A8B}</UniqueIdentifier>
    </Filter>
  </ItemGroup>
</Project>
