
Microsoft Visual Studio Solution File, Format Version 12.00
# Visual Studio Version 17
Project("{2150E333-8FDC-42A3-9474-1A3956D46DE8}") = "CMakePredefinedTargets", "CMakePredefinedTargets", "{BA2DEC23-397B-36EA-8F02-C6F648B38A13}"
EndProject
Project("{8BC9CEB8-8B4A-11D0-8D11-00A0C91BC942}") = "ALL_BUILD", "ALL_BUILD.vcxproj", "{012D3895-A2D5-3A42-83D8-4E00109D6725}"
	ProjectSection(ProjectDependencies) = postProject
		{F1CFDA4C-9D52-39BA-ACB5-793043029283} = {F1CFDA4C-9D52-39BA-ACB5-793043029283}
		{0962B0F2-17E7-3086-9521-28309DCEBBAF} = {0962B0F2-17E7-3086-9521-28309DCEBBAF}
	EndProjectSection
EndProject
Project("{8BC9CEB8-8B4A-11D0-8D11-00A0C91BC942}") = "YADRO", "YADRO.vcxproj", "{F1CFDA4C-9D52-39BA-ACB5-793043029283}"
	ProjectSection(ProjectDependencies) = postProject
		{0962B0F2-17E7-3086-9521-28309DCEBBAF} = {0962B0F2-17E7-3086-9521-28309DCEBBAF}
	EndProjectSection
EndProject
Project("{8BC9CEB8-8B4A-11D0-8D11-00A0C91BC942}") = "ZERO_CHECK", "ZERO_CHECK.vcxproj", "{0962B0F2-17E7-3086-9521-28309DCEBBAF}"
	ProjectSection(ProjectDependencies) = postProject
	EndProjectSection
EndProject
Global
	GlobalSection(SolutionConfigurationPlatforms) = preSolution
		Debug|x64 = Debug|x64
		Release|x64 = Release|x64
		MinSizeRel|x64 = MinSizeRel|x64
		RelWithDebInfo|x64 = RelWithDebInfo|x64
	EndGlobalSection
	GlobalSection(ProjectConfigurationPlatforms) = postSolution
		{012D3895-A2D5-3A42-83D8-4E00109D6725}.Debug|x64.ActiveCfg = Debug|x64
		{012D3895-A2D5-3A42-83D8-4E00109D6725}.Release|x64.ActiveCfg = Release|x64
		{012D3895-A2D5-3A42-83D8-4E00109D6725}.MinSizeRel|x64.ActiveCfg = MinSizeRel|x64
		{012D3895-A2D5-3A42-83D8-4E00109D6725}.RelWithDebInfo|x64.ActiveCfg = RelWithDebInfo|x64
		{F1CFDA4C-9D52-39BA-ACB5-793043029283}.Debug|x64.ActiveCfg = Debug|x64
		{F1CFDA4C-9D52-39BA-ACB5-793043029283}.Debug|x64.Build.0 = Debug|x64
		{F1CFDA4C-9D52-39BA-ACB5-793043029283}.Release|x64.ActiveCfg = Release|x64
		{F1CFDA4C-9D52-39BA-ACB5-793043029283}.Release|x64.Build.0 = Release|x64
		{F1CFDA4C-9D52-39BA-ACB5-793043029283}.MinSizeRel|x64.ActiveCfg = MinSizeRel|x64
		{F1CFDA4C-9D52-39BA-ACB5-793043029283}.MinSizeRel|x64.Build.0 = MinSizeRel|x64
		{F1CFDA4C-9D52-39BA-ACB5-793043029283}.RelWithDebInfo|x64.ActiveCfg = RelWithDebInfo|x64
		{F1CFDA4C-9D52-39BA-ACB5-793043029283}.RelWithDebInfo|x64.Build.0 = RelWithDebInfo|x64
		{0962B0F2-17E7-3086-9521-28309DCEBBAF}.Debug|x64.ActiveCfg = Debug|x64
		{0962B0F2-17E7-3086-9521-28309DCEBBAF}.Debug|x64.Build.0 = Debug|x64
		{0962B0F2-17E7-3086-9521-28309DCEBBAF}.Release|x64.ActiveCfg = Release|x64
		{0962B0F2-17E7-3086-9521-28309DCEBBAF}.Release|x64.Build.0 = Release|x64
		{0962B0F2-17E7-3086-9521-28309DCEBBAF}.MinSizeRel|x64.ActiveCfg = MinSizeRel|x64
		{0962B0F2-17E7-3086-9521-28309DCEBBAF}.MinSizeRel|x64.Build.0 = MinSizeRel|x64
		{0962B0F2-17E7-3086-9521-28309DCEBBAF}.RelWithDebInfo|x64.ActiveCfg = RelWithDebInfo|x64
		{0962B0F2-17E7-3086-9521-28309DCEBBAF}.RelWithDebInfo|x64.Build.0 = RelWithDebInfo|x64
	EndGlobalSection
	GlobalSection(NestedProjects) = preSolution
		{012D3895-A2D5-3A42-83D8-4E00109D6725} = {BA2DEC23-397B-36EA-8F02-C6F648B38A13}
		{0962B0F2-17E7-3086-9521-28309DCEBBAF} = {BA2DEC23-397B-36EA-8F02-C6F648B38A13}
	EndGlobalSection
	GlobalSection(ExtensibilityGlobals) = postSolution
		SolutionGuid = {4EBB9A10-91FC-3EF7-A4C2-3BE5E08EF453}
	EndGlobalSection
	GlobalSection(ExtensibilityAddIns) = postSolution
	EndGlobalSection
EndGlobal
